
Microsoft Visual Studio Solution File, Format Version 12.00
# Visual Studio Version 17
VisualStudioVersion = 17.14.36717.8 d17.14
MinimumVisualStudioVersion = 10.0.40219.1
Project("{FAE04EC0-301F-11D3-BF4B-00C04F79EFBC}") = "InventoryManagementSystem", "InventoryManagementSystem\InventoryManagementSystem.csproj", "{BADED57C-A03D-4E8C-B76D-CCB3AA6F506E}"
EndProject
Global
	GlobalSection(SolutionConfigurationPlatforms) = preSolution
		Debug|Any CPU = Debug|Any CPU
		Release|Any CPU = Release|Any CPU
	EndGlobalSection
	GlobalSection(ProjectConfigurationPlatforms) = postSolution
		{BADED57C-A03D-4E8C-B76D-CCB3AA6F506E}.Debug|Any CPU.ActiveCfg = Debug|Any CPU
		{BADED57C-A03D-4E8C-B76D-CCB3AA6F506E}.Debug|Any CPU.Build.0 = Debug|Any CPU
		{BADED57C-A03D-4E8C-B76D-CCB3AA6F506E}.Release|Any CPU.ActiveCfg = Release|Any CPU
		{BADED57C-A03D-4E8C-B76D-CCB3AA6F506E}.Release|Any CPU.Build.0 = Release|Any CPU
	EndGlobalSection
	GlobalSection(SolutionProperties) = preSolution
		HideSolutionNode = FALSE
	EndGlobalSection
	GlobalSection(ExtensibilityGlobals) = postSolution
		SolutionGuid = {295F8B05-8FA0-4428-A5EC-1790F7C4A981}
	EndGlobalSection
EndGlobal
